
Microsoft Visual Studio Solution File, Format Version 12.00
# Visual Studio Version 17
VisualStudioVersion = 17.3.32611.2
MinimumVisualStudioVersion = 10.0.40219.1
Project("{FAE04EC0-301F-11D3-BF4B-00C04F79EFBC}") = "QuickWork", "QuickWork\QuickWork.csproj", "{D2697B7B-C3FF-41B4-892B-50437E9DD61B}"
EndProject
Global
	GlobalSection(SolutionConfigurationPlatforms) = preSolution
		Debug|Any CPU = Debug|Any CPU
		Release|Any CPU = Release|Any CPU
	EndGlobalSection
	GlobalSection(ProjectConfigurationPlatforms) = postSolution
		{D2697B7B-C3FF-41B4-892B-50437E9DD61B}.Debug|Any CPU.ActiveCfg = Debug|Any CPU
		{D2697B7B-C3FF-41B4-892B-50437E9DD61B}.Debug|Any CPU.Build.0 = Debug|Any CPU
		{D2697B7B-C3FF-41B4-892B-50437E9DD61B}.Release|Any CPU.ActiveCfg = Release|Any CPU
		{D2697B7B-C3FF-41B4-892B-50437E9DD61B}.Release|Any CPU.Build.0 = Release|Any CPU
	EndGlobalSection
	GlobalSection(SolutionProperties) = preSolution
		HideSolutionNode = FALSE
	EndGlobalSection
	GlobalSection(ExtensibilityGlobals) = postSolution
		SolutionGuid = {26801EF8-E322-4E6B-942E-7F8448BD6827}
	EndGlobalSection
EndGlobal
